
Microsoft Visual Studio Solution File, Format Version 12.00
# Visual Studio Version 17
VisualStudioVersion = 17.6.33829.357
MinimumVisualStudioVersion = 10.0.40219.1
Project("{9A19103F-16F7-4668-BE54-9A1E7A4F7556}") = "DDD_API", "DDD_API\DDD_API.csproj", "{00A986F1-7753-415B-A8E2-EF9519FEED4C}"
EndProject
Project("{9A19103F-16F7-4668-BE54-9A1E7A4F7556}") = "Domain", "Domain\Domain.csproj", "{704A5995-B801-4B9B-9DD7-CFF38CA5F73C}"
EndProject
Project("{9A19103F-16F7-4668-BE54-9A1E7A4F7556}") = "Infrastructure", "Infrastructure\Infrastructure.csproj", "{22ADC87E-5002-45E1-8ED9-407B4A8C83C4}"
EndProject
Project("{FAE04EC0-301F-11D3-BF4B-00C04F79EFBC}") = "DDD_API.Test", "DDD_API.Test\DDD_API.Test.csproj", "{35313D97-2F1C-4A8E-B5E0-F8BCBB5288F5}"
EndProject
Global
	GlobalSection(SolutionConfigurationPlatforms) = preSolution
		Debug|Any CPU = Debug|Any CPU
		Release|Any CPU = Release|Any CPU
	EndGlobalSection
	GlobalSection(ProjectConfigurationPlatforms) = postSolution
		{00A986F1-7753-415B-A8E2-EF9519FEED4C}.Debug|Any CPU.ActiveCfg = Debug|Any CPU
		{00A986F1-7753-415B-A8E2-EF9519FEED4C}.Debug|Any CPU.Build.0 = Debug|Any CPU
		{00A986F1-7753-415B-A8E2-EF9519FEED4C}.Release|Any CPU.ActiveCfg = Release|Any CPU
		{00A986F1-7753-415B-A8E2-EF9519FEED4C}.Release|Any CPU.Build.0 = Release|Any CPU
		{704A5995-B801-4B9B-9DD7-CFF38CA5F73C}.Debug|Any CPU.ActiveCfg = Debug|Any CPU
		{704A5995-B801-4B9B-9DD7-CFF38CA5F73C}.Debug|Any CPU.Build.0 = Debug|Any CPU
		{704A5995-B801-4B9B-9DD7-CFF38CA5F73C}.Release|Any CPU.ActiveCfg = Release|Any CPU
		{704A5995-B801-4B9B-9DD7-CFF38CA5F73C}.Release|Any CPU.Build.0 = Release|Any CPU
		{22ADC87E-5002-45E1-8ED9-407B4A8C83C4}.Debug|Any CPU.ActiveCfg = Debug|Any CPU
		{22ADC87E-5002-45E1-8ED9-407B4A8C83C4}.Debug|Any CPU.Build.0 = Debug|Any CPU
		{22ADC87E-5002-45E1-8ED9-407B4A8C83C4}.Release|Any CPU.ActiveCfg = Release|Any CPU
		{22ADC87E-5002-45E1-8ED9-407B4A8C83C4}.Release|Any CPU.Build.0 = Release|Any CPU
		{35313D97-2F1C-4A8E-B5E0-F8BCBB5288F5}.Debug|Any CPU.ActiveCfg = Debug|Any CPU
		{35313D97-2F1C-4A8E-B5E0-F8BCBB5288F5}.Debug|Any CPU.Build.0 = Debug|Any CPU
		{35313D97-2F1C-4A8E-B5E0-F8BCBB5288F5}.Release|Any CPU.ActiveCfg = Release|Any CPU
		{35313D97-2F1C-4A8E-B5E0-F8BCBB5288F5}.Release|Any CPU.Build.0 = Release|Any CPU
	EndGlobalSection
	GlobalSection(SolutionProperties) = preSolution
		HideSolutionNode = FALSE
	EndGlobalSection
	GlobalSection(ExtensibilityGlobals) = postSolution
		SolutionGuid = {0B39C5FC-D808-4029-A661-9DCD85CE9650}
	EndGlobalSection
EndGlobal
